<Project xmlns="http://schemas.microsoft.com/developer/msbuild/2003">
    <PropertyGroup>
        <Base>True</Base>
        <AppType>Console</AppType>
        <Config Condition="'$(Config)'==''">Debug</Config>
        <FrameworkType>None</FrameworkType>
        <MainSource>delphereum.dpr</MainSource>
        <Platform Condition="'$(Platform)'==''">Win32</Platform>
        <ProjectGuid>{F05B483C-9BBC-44C4-8525-2D1E6335160C}</ProjectGuid>
        <ProjectName Condition="'$(ProjectName)'==''">delphereum</ProjectName>
        <ProjectVersion>20.2</ProjectVersion>
        <TargetedPlatforms>1</TargetedPlatforms>
    </PropertyGroup>
    <PropertyGroup Condition="'$(Config)'=='Base' or '$(Base)'!=''">
        <Base>true</Base>
    </PropertyGroup>
    <PropertyGroup Condition="('$(Platform)'=='Win32' and '$(Base)'=='true') or '$(Base_Win32)'!=''">
        <Base_Win32>true</Base_Win32>
        <CfgParent>Base</CfgParent>
        <Base>true</Base>
    </PropertyGroup>
    <PropertyGroup Condition="'$(Config)'=='Debug' or '$(Cfg_1)'!=''">
        <Cfg_1>true</Cfg_1>
        <CfgParent>Base</CfgParent>
        <Base>true</Base>
    </PropertyGroup>
    <PropertyGroup Condition="('$(Platform)'=='Win32' and '$(Cfg_1)'=='true') or '$(Cfg_1_Win32)'!=''">
        <Cfg_1_Win32>true</Cfg_1_Win32>
        <CfgParent>Cfg_1</CfgParent>
        <Cfg_1>true</Cfg_1>
        <Base>true</Base>
    </PropertyGroup>
    <PropertyGroup Condition="'$(Config)'=='Release' or '$(Cfg_2)'!=''">
        <Cfg_2>true</Cfg_2>
        <CfgParent>Base</CfgParent>
        <Base>true</Base>
    </PropertyGroup>
    <PropertyGroup Condition="'$(Base)'!=''">
        <SanitizedProjectName>delphereum</SanitizedProjectName>
        <DCC_DcuOutput>.\$(Platform)\$(Config)</DCC_DcuOutput>
        <DCC_ExeOutput>.\$(Platform)\$(Config)</DCC_ExeOutput>
        <DCC_Namespace>System;Xml;Data;Datasnap;Web;Soap;$(DCC_Namespace)</DCC_Namespace>
        <DCC_UnitSearchPath>$(DUnitX);../../DelphiBigNumbers/Source;../../CryptoLib4Pascal/CryptoLib/src/Interfaces;../../CryptoLib4Pascal/CryptoLib/src/Math;../../CryptoLib4Pascal/CryptoLib/src/Utils;../../CryptoLib4Pascal/CryptoLib/src/Security;../../HashLib4Pascal/HashLib/src/Interfaces;../../HashLib4Pascal/HashLib/src/Utils;../../CryptoLib4Pascal/CryptoLib/src/Utils/Randoms;../../HashLib4Pascal/HashLib/src/Base;../../HashLib4Pascal/HashLib/src/KDF;../../HashLib4Pascal/HashLib/src/Nullable;../../HashLib4Pascal/HashLib/src/NullDigest;../../HashLib4Pascal/HashLib/src/Checksum;../../HashLib4Pascal/HashLib/src/Hash32;../../HashLib4Pascal/HashLib/src/Hash64;../../HashLib4Pascal/HashLib/src/Hash128;../../HashLib4Pascal/HashLib/src/Crypto;../../HashLib4Pascal/HashLib/src/Interfaces/IBlake2BParams;../../HashLib4Pascal/HashLib/src/Crypto/Blake2BParams;../../HashLib4Pascal/HashLib/src/Interfaces/IBlake2SParams;../../HashLib4Pascal/HashLib/src/Crypto/Blake2SParams;../../CryptoLib4Pascal/CryptoLib/src/Crypto/Digests;../../CryptoLib4Pascal/CryptoLib/src/Asn1/Pkcs;../../CryptoLib4Pascal/CryptoLib/src/Asn1;../../CryptoLib4Pascal/CryptoLib/src/Utils/Encoders;../../SimpleBaseLib4Pascal/SimpleBaseLib/src/Bases;../../SimpleBaseLib4Pascal/SimpleBaseLib/src/Utils;../../SimpleBaseLib4Pascal/SimpleBaseLib/src/Interfaces;../../CryptoLib4Pascal/CryptoLib/src/Asn1/RossStandart;../../CryptoLib4Pascal/CryptoLib/src/Asn1/Oiw;../../CryptoLib4Pascal/CryptoLib/src/Asn1/Nist;../../CryptoLib4Pascal/CryptoLib/src/Asn1/Misc;../../CryptoLib4Pascal/CryptoLib/src/Asn1/TeleTrust;../../CryptoLib4Pascal/CryptoLib/src/Asn1/CryptoPro;../../CryptoLib4Pascal/CryptoLib/src/Crypto/Prng;../../CryptoLib4Pascal/CryptoLib/src/Utils/Rng;../../CryptoLib4Pascal/CryptoLib/src/Crypto/Engines;../../CryptoLib4Pascal/CryptoLib/src/Crypto/Parameters;../../CryptoLib4Pascal/CryptoLib/src/Crypto;../../CryptoLib4Pascal/CryptoLib/src/Math/EC;../../CryptoLib4Pascal/CryptoLib/src/Crypto/EC;../../CryptoLib4Pascal/CryptoLib/src/Math/EC/Endo;../../CryptoLib4Pascal/CryptoLib/src/Asn1/Sec;../../CryptoLib4Pascal/CryptoLib/src/Asn1/X9;../../CryptoLib4Pascal/CryptoLib/src/Asn1/CryptLib;../../CryptoLib4Pascal/CryptoLib/src/Math/Raw;../../CryptoLib4Pascal/CryptoLib/src/Math/EC/Multiplier;../../CryptoLib4Pascal/CryptoLib/src/Math/EC/Abc;../../CryptoLib4Pascal/CryptoLib/src/Math/Field;../../CryptoLib4Pascal/CryptoLib/src/Math/EC/Custom/Sec;../../CryptoLib4Pascal/CryptoLib/src/Math/EC/Custom/Djb;../../CryptoLib4Pascal/CryptoLib/src/Crypto/Signers;../../CryptoLib4Pascal/CryptoLib/src/Crypto/Generators;../../CryptoLib4Pascal/CryptoLib/src/Crypto/Macs;$(DCC_UnitSearchPath)</DCC_UnitSearchPath>
        <Icns_MainIcns>$(BDS)\bin\delphi_PROJECTICNS.icns</Icns_MainIcns>
        <Icon_MainIcon>$(BDS)\bin\delphi_PROJECTICON.ico</Icon_MainIcon>
        <UsingDelphiRTL>true</UsingDelphiRTL>
        <VerInfo_Keys>CompanyName=;FileDescription=$(MSBuildProjectName);FileVersion=1.0.0.0;InternalName=;LegalCopyright=;LegalTrademarks=;OriginalFilename=;ProgramID=com.embarcadero.$(MSBuildProjectName);ProductName=$(MSBuildProjectName);ProductVersion=1.0.0.0;Comments=</VerInfo_Keys>
        <VerInfo_Locale>1033</VerInfo_Locale>
    </PropertyGroup>
    <PropertyGroup Condition="'$(Base_Win32)'!=''">
        <BT_BuildType>Debug</BT_BuildType>
        <DCC_Namespace>Winapi;System.Win;Data.Win;Datasnap.Win;Web.Win;Soap.Win;Xml.Win;Bde;$(DCC_Namespace)</DCC_Namespace>
        <DCC_UsePackage>sgcWebSocketsD12;vclwinx;DataSnapServer;fmx;emshosting;vclie;DbxCommonDriver;bindengine;IndyIPCommon;VCLRESTComponents;DBXMSSQLDriver;FireDACCommonODBC;emsclient;FireDACCommonDriver;appanalytics;IndyProtocols;vclx;Skia.Package.RTL;IndyIPClient;dbxcds;vcledge;bindcompvclwinx;emsedge;bindcompfmx;DBXFirebirdDriver;inetdb;FireDACSqliteDriver;DbxClientDriver;FireDACASADriver;soapmidas;vclactnband;fmxFireDAC;dbexpress;FireDACInfxDriver;DBXMySQLDriver;VclSmp;inet;DataSnapCommon;vcltouch;fmxase;DBXOdbcDriver;dbrtl;FireDACDBXDriver;Skia.Package.FMX;FireDACOracleDriver;fmxdae;FireDACMSAccDriver;CustomIPTransport;FireDACMSSQLDriver;DataSnapIndy10ServerTransport;DataSnapConnectors;vcldsnap;DBXInterBaseDriver;FireDACMongoDBDriver;IndySystem;FireDACTDataDriver;Skia.Package.VCL;vcldb;vclFireDAC;bindcomp;FireDACCommon;DataSnapServerMidas;FireDACODBCDriver;emsserverresource;IndyCore;RESTBackendComponents;sgcIDE;bindcompdbx;rtl;FireDACMySQLDriver;FireDACADSDriver;RESTComponents;DBXSqliteDriver;vcl;IndyIPServer;dsnapxml;dsnapcon;DataSnapClient;DataSnapProviderClient;adortl;DBXSybaseASEDriver;DBXDb2Driver;vclimg;DataSnapFireDAC;emsclientfiredac;FireDACPgDriver;FireDAC;FireDACDSDriver;inetdbxpress;xmlrtl;tethering;bindcompvcl;dsnap;CloudService;DBXSybaseASADriver;DBXOracleDriver;FireDACDb2Driver;DBXInformixDriver;fmxobj;bindcompvclsmp;DataSnapNativeClient;DatasnapConnectorsFreePascal;soaprtl;soapserver;FireDACIBDriver;$(DCC_UsePackage)</DCC_UsePackage>
        <VerInfo_Keys>CompanyName=;FileDescription=$(MSBuildProjectName);FileVersion=1.0.0.0;InternalName=;LegalCopyright=;LegalTrademarks=;OriginalFilename=;ProgramID=com.embarcadero.$(MSBuildProjectName);ProductName=$(MSBuildProjectName);ProductVersion=1.0.0.0;Comments=</VerInfo_Keys>
        <VerInfo_Locale>1033</VerInfo_Locale>
    </PropertyGroup>
    <PropertyGroup Condition="'$(Cfg_1)'!=''">
        <DCC_DebugDCUs>true</DCC_DebugDCUs>
        <DCC_DebugInfoInExe>true</DCC_DebugInfoInExe>
        <DCC_Define>DEBUG;$(DCC_Define)</DCC_Define>
        <DCC_GenerateStackFrames>true</DCC_GenerateStackFrames>
        <DCC_IntegerOverflowCheck>true</DCC_IntegerOverflowCheck>
        <DCC_Optimize>false</DCC_Optimize>
        <DCC_RangeChecking>true</DCC_RangeChecking>
        <DCC_RemoteDebug>true</DCC_RemoteDebug>
    </PropertyGroup>
    <PropertyGroup Condition="'$(Cfg_1_Win32)'!=''">
        <AppDPIAwarenessMode>none</AppDPIAwarenessMode>
        <DCC_RemoteDebug>false</DCC_RemoteDebug>
        <Manifest_File>(None)</Manifest_File>
        <VerInfo_Locale>1033</VerInfo_Locale>
    </PropertyGroup>
    <PropertyGroup Condition="'$(Cfg_2)'!=''">
        <DCC_DebugInformation>0</DCC_DebugInformation>
        <DCC_Define>RELEASE;$(DCC_Define)</DCC_Define>
        <DCC_LocalDebugSymbols>false</DCC_LocalDebugSymbols>
        <DCC_SymbolReferenceInfo>0</DCC_SymbolReferenceInfo>
    </PropertyGroup>
    <ItemGroup>
        <DelphiCompile Include="$(MainSource)">
            <MainSource>MainSource</MainSource>
        </DelphiCompile>
        <DCCReference Include="..\web3.bip32.pas"/>
        <DCCReference Include="..\web3.bip32.tests.pas"/>
        <DCCReference Include="..\web3.bip39.pas"/>
        <DCCReference Include="..\web3.bip39.tests.pas"/>
        <DCCReference Include="..\web3.bip44.pas"/>
        <DCCReference Include="..\web3.coincap.pas"/>
        <DCCReference Include="..\web3.crypto.pas"/>
        <DCCReference Include="..\web3.crypto.tests.pas"/>
        <DCCReference Include="..\web3.defillama.pas"/>
        <DCCReference Include="..\web3.error.pas"/>
        <DCCReference Include="..\web3.eth.aave.v1.pas"/>
        <DCCReference Include="..\web3.eth.aave.v2.pas"/>
        <DCCReference Include="..\web3.eth.abi.pas"/>
        <DCCReference Include="..\web3.eth.abi.tests.pas"/>
        <DCCReference Include="..\web3.eth.alchemy.api.pas"/>
        <DCCReference Include="..\web3.eth.alchemy.pas"/>
        <DCCReference Include="..\web3.eth.balancer.v2.pas"/>
        <DCCReference Include="..\web3.eth.blocknative.mempool.pas"/>
        <DCCReference Include="..\web3.eth.blocknative.mempool.sgc.pas"/>
        <DCCReference Include="..\web3.eth.blocknative.pas"/>
        <DCCReference Include="..\web3.eth.breadcrumbs.pas"/>
        <DCCReference Include="..\web3.eth.chainlink.pas"/>
        <DCCReference Include="..\web3.eth.compound.pas"/>
        <DCCReference Include="..\web3.eth.contract.pas"/>
        <DCCReference Include="..\web3.eth.crypto.pas"/>
        <DCCReference Include="..\web3.eth.crypto.tests.pas"/>
        <DCCReference Include="..\web3.eth.defi.pas"/>
        <DCCReference Include="..\web3.eth.dydx.pas"/>
        <DCCReference Include="..\web3.eth.eip712.pas"/>
        <DCCReference Include="..\web3.eth.eip712.tests.pas"/>
        <DCCReference Include="..\web3.eth.ens.pas"/>
        <DCCReference Include="..\web3.eth.ens.tests.pas"/>
        <DCCReference Include="..\web3.eth.erc20.pas"/>
        <DCCReference Include="..\web3.eth.erc721.pas"/>
        <DCCReference Include="..\web3.eth.erc1155.pas"/>
        <DCCReference Include="..\web3.eth.etherscan.pas"/>
        <DCCReference Include="..\web3.eth.fulcrum.pas"/>
        <DCCReference Include="..\web3.eth.gas.pas"/>
        <DCCReference Include="..\web3.eth.idle.finance.v4.pas"/>
        <DCCReference Include="..\web3.eth.infura.pas"/>
        <DCCReference Include="..\web3.eth.logs.pas"/>
        <DCCReference Include="..\web3.eth.nodelist.pas"/>
        <DCCReference Include="..\web3.eth.nonce.pas"/>
        <DCCReference Include="..\web3.eth.opensea.pas"/>
        <DCCReference Include="..\web3.eth.origin.dollar.pas"/>
        <DCCReference Include="..\web3.eth.pas"/>
        <DCCReference Include="..\web3.eth.pubsub.pas"/>
        <DCCReference Include="..\web3.eth.simulate.pas"/>
        <DCCReference Include="..\web3.eth.tenderly.pas"/>
        <DCCReference Include="..\web3.eth.tokenlists.pas"/>
        <DCCReference Include="..\web3.eth.tx.pas"/>
        <DCCReference Include="..\web3.eth.tx.tests.pas"/>
        <DCCReference Include="..\web3.eth.types.pas"/>
        <DCCReference Include="..\web3.eth.uniswap.v2.pas"/>
        <DCCReference Include="..\web3.eth.utils.pas"/>
        <DCCReference Include="..\web3.eth.utils.tests.pas"/>
        <DCCReference Include="..\web3.eth.yearn.finance.api.pas"/>
        <DCCReference Include="..\web3.eth.yearn.finance.pas"/>
        <DCCReference Include="..\web3.eth.yearn.finance.v2.pas"/>
        <DCCReference Include="..\web3.eth.yearn.finance.v3.pas"/>
        <DCCReference Include="..\web3.eth.yearn.vaults.v1.pas"/>
        <DCCReference Include="..\web3.eth.yearn.vaults.v2.pas"/>
        <DCCReference Include="..\web3.graph.pas"/>
        <DCCReference Include="..\web3.http.pas"/>
        <DCCReference Include="..\web3.ipfs.pas"/>
        <DCCReference Include="..\web3.json.pas"/>
        <DCCReference Include="..\web3.json.rpc.https.pas"/>
        <DCCReference Include="..\web3.json.rpc.pas"/>
        <DCCReference Include="..\web3.json.rpc.sgc.websockets.pas"/>
        <DCCReference Include="..\web3.json.rpc.websockets.pas"/>
        <DCCReference Include="..\web3.pas"/>
        <DCCReference Include="..\web3.rlp.pas"/>
        <DCCReference Include="..\web3.rlp.tests.pas"/>
        <DCCReference Include="..\web3.sync.pas"/>
        <DCCReference Include="..\web3.utils.pas"/>
        <BuildConfiguration Include="Base">
            <Key>Base</Key>
        </BuildConfiguration>
        <BuildConfiguration Include="Debug">
            <Key>Cfg_1</Key>
            <CfgParent>Base</CfgParent>
        </BuildConfiguration>
        <BuildConfiguration Include="Release">
            <Key>Cfg_2</Key>
            <CfgParent>Base</CfgParent>
        </BuildConfiguration>
    </ItemGroup>
    <ProjectExtensions>
        <Borland.Personality>Delphi.Personality.12</Borland.Personality>
        <Borland.ProjectType>Application</Borland.ProjectType>
        <BorlandProject>
            <Delphi.Personality>
                <Source>
                    <Source Name="MainSource">delphereum.dpr</Source>
                </Source>
                <Excluded_Packages/>
            </Delphi.Personality>
            <Platforms>
                <Platform value="OSX64">False</Platform>
                <Platform value="OSXARM64">False</Platform>
                <Platform value="Win32">True</Platform>
                <Platform value="Win64">False</Platform>
                <Platform value="iOSDevice64">False</Platform>
                <Platform value="iOSSimARM64">False</Platform>
            </Platforms>
        </BorlandProject>
        <ProjectFileVersion>12</ProjectFileVersion>
    </ProjectExtensions>
    <Import Project="$(BDS)\Bin\CodeGear.Delphi.Targets" Condition="Exists('$(BDS)\Bin\CodeGear.Delphi.Targets')"/>
    <Import Project="$(APPDATA)\Embarcadero\$(BDSAPPDATABASEDIR)\$(PRODUCTVERSION)\UserTools.proj" Condition="Exists('$(APPDATA)\Embarcadero\$(BDSAPPDATABASEDIR)\$(PRODUCTVERSION)\UserTools.proj')"/>
    <Import Project="$(MSBuildProjectName).deployproj" Condition="Exists('$(MSBuildProjectName).deployproj')"/>
</Project>
